
Microsoft Visual Studio Solution File, Format Version 12.00
# Visual Studio Version 17
VisualStudioVersion = 17.10.35122.118
MinimumVisualStudioVersion = 10.0.40219.1
Project("{FAE04EC0-301F-11D3-BF4B-00C04F79EFBC}") = "WpfApp2", "WpfApp2\WpfApp2.csproj", "{C30C8589-FC44-4CB9-85FE-9E5B1AB94335}"
EndProject
Global
	GlobalSection(SolutionConfigurationPlatforms) = preSolution
		Debug|Any CPU = Debug|Any CPU
		Release|Any CPU = Release|Any CPU
	EndGlobalSection
	GlobalSection(ProjectConfigurationPlatforms) = postSolution
		{C30C8589-FC44-4CB9-85FE-9E5B1AB94335}.Debug|Any CPU.ActiveCfg = Debug|Any CPU
		{C30C8589-FC44-4CB9-85FE-9E5B1AB94335}.Debug|Any CPU.Build.0 = Debug|Any CPU
		{C30C8589-FC44-4CB9-85FE-9E5B1AB94335}.Release|Any CPU.ActiveCfg = Release|Any CPU
		{C30C8589-FC44-4CB9-85FE-9E5B1AB94335}.Release|Any CPU.Build.0 = Release|Any CPU
	EndGlobalSection
	GlobalSection(SolutionProperties) = preSolution
		HideSolutionNode = FALSE
	EndGlobalSection
	GlobalSection(ExtensibilityGlobals) = postSolution
		SolutionGuid = {A8F80399-ACC2-4C60-930A-3D484A852552}
	EndGlobalSection
EndGlobal
